// !$*UTF8*$!
{
	archiveVersion = 1;
	classes = {
	};
	objectVersion = 54;
	objects = {

/* Begin PBXBuildFile section */
		0CA7CAD72B9F843E006F89F8 /* Icon.iconset in Resources */ = {isa = PBXBuildFile; fileRef = 0CA7CAD52B9F843E006F89F8 /* Icon.iconset */; };
		0CBE28102B9F711B00381607 /* main.cpp in Sources */ = {isa = PBXBuildFile; fileRef = 0CBE280F2B9F711A00381607 /* main.cpp */; };
		0CBE28132B9F72F000381607 /* CoreFoundation.framework in Frameworks */ = {isa = PBXBuildFile; fileRef = 0CBE28122B9F72F000381607 /* CoreFoundation.framework */; };
		0CBE28152B9F72F600381607 /* CoreGraphics.framework in Frameworks */ = {isa = PBXBuildFile; fileRef = 0CBE28142B9F72F600381607 /* CoreGraphics.framework */; };
/* End PBXBuildFile section */

/* Begin PBXFileReference section */
		0CA7CAD52B9F843E006F89F8 /* Icon.iconset */ = {isa = PBXFileReference; lastKnownFileType = folder.iconset; path = Icon.iconset; sourceTree = "<group>"; };
		0CBE280F2B9F711A00381607 /* main.cpp */ = {isa = PBXFileReference; fileEncoding = 4; lastKnownFileType = sourcecode.cpp.cpp; path = main.cpp; sourceTree = "<group>"; };
		0CBE28122B9F72F000381607 /* CoreFoundation.framework */ = {isa = PBXFileReference; lastKnownFileType = wrapper.framework; name = CoreFoundation.framework; path = System/Library/Frameworks/CoreFoundation.framework; sourceTree = SDKROOT; };
		0CBE28142B9F72F600381607 /* CoreGraphics.framework */ = {isa = PBXFileReference; lastKnownFileType = wrapper.framework; name = CoreGraphics.framework; path = System/Library/Frameworks/CoreGraphics.framework; sourceTree = SDKROOT; };
		C3FC4D7020B9CA1900E1BE93 /* PixelScroll.app */ = {isa = PBXFileReference; explicitFileType = wrapper.application; includeInIndex = 0; path = PixelScroll.app; sourceTree = BUILT_PRODUCTS_DIR; };
		C3FC4D7420B9CA1900E1BE93 /* Info.plist */ = {isa = PBXFileReference; lastKnownFileType = text.plist.xml; path = Info.plist; sourceTree = "<group>"; };
/* End PBXFileReference section */

/* Begin PBXFrameworksBuildPhase section */
		C3FC4D6D20B9CA1900E1BE93 /* Frameworks */ = {
			isa = PBXFrameworksBuildPhase;
			buildActionMask = 2147483647;
			files = (
				0CBE28152B9F72F600381607 /* CoreGraphics.framework in Frameworks */,
				0CBE28132B9F72F000381607 /* CoreFoundation.framework in Frameworks */,
			);
			runOnlyForDeploymentPostprocessing = 0;
		};
/* End PBXFrameworksBuildPhase section */

/* Begin PBXGroup section */
		0CBE28112B9F72F000381607 /* Frameworks */ = {
			isa = PBXGroup;
			children = (
				0CBE28142B9F72F600381607 /* CoreGraphics.framework */,
				0CBE28122B9F72F000381607 /* CoreFoundation.framework */,
			);
			name = Frameworks;
			sourceTree = "<group>";
		};
		C3FC4D6720B9CA1900E1BE93 = {
			isa = PBXGroup;
			children = (
				C3FC4D7220B9CA1900E1BE93 /* PixelScroll */,
				C3FC4D7120B9CA1900E1BE93 /* Products */,
				0CBE28112B9F72F000381607 /* Frameworks */,
			);
			sourceTree = "<group>";
		};
		C3FC4D7120B9CA1900E1BE93 /* Products */ = {
			isa = PBXGroup;
			children = (
				C3FC4D7020B9CA1900E1BE93 /* PixelScroll.app */,
			);
			name = Products;
			sourceTree = "<group>";
		};
		C3FC4D7220B9CA1900E1BE93 /* PixelScroll */ = {
			isa = PBXGroup;
			children = (
				0CA7CAD52B9F843E006F89F8 /* Icon.iconset */,
				C3FC4D7420B9CA1900E1BE93 /* Info.plist */,
				0CBE280F2B9F711A00381607 /* main.cpp */,
			);
			path = PixelScroll;
			sourceTree = "<group>";
		};
/* End PBXGroup section */

/* Begin PBXNativeTarget section */
		C3FC4D6F20B9CA1900E1BE93 /* PixelScroll */ = {
			isa = PBXNativeTarget;
			buildConfigurationList = C3FC4D8D20B9CA1A00E1BE93 /* Build configuration list for PBXNativeTarget "PixelScroll" */;
			buildPhases = (
				C3FC4D6C20B9CA1900E1BE93 /* Sources */,
				C3FC4D6D20B9CA1900E1BE93 /* Frameworks */,
				C3FC4D6E20B9CA1900E1BE93 /* Resources */,
			);
			buildRules = (
			);
			dependencies = (
			);
			name = PixelScroll;
			productName = PixelScroll;
			productReference = C3FC4D7020B9CA1900E1BE93 /* PixelScroll.app */;
			productType = "com.apple.product-type.application";
		};
/* End PBXNativeTarget section */

/* Begin PBXProject section */
		C3FC4D6820B9CA1900E1BE93 /* Project object */ = {
			isa = PBXProject;
			attributes = {
				BuildIndependentTargetsInParallel = YES;
				LastUpgradeCheck = 1530;
				ORGANIZATIONNAME = "Emre Yolcu";
				TargetAttributes = {
					C3FC4D6F20B9CA1900E1BE93 = {
						CreatedOnToolsVersion = 6.2;
					};
				};
			};
			buildConfigurationList = C3FC4D6B20B9CA1900E1BE93 /* Build configuration list for PBXProject "PixelScroll" */;
			compatibilityVersion = "Xcode 3.2";
			developmentRegion = en;
			hasScannedForEncodings = 0;
			knownRegions = (
				en,
				Base,
			);
			mainGroup = C3FC4D6720B9CA1900E1BE93;
			productRefGroup = C3FC4D7120B9CA1900E1BE93 /* Products */;
			projectDirPath = "";
			projectRoot = "";
			targets = (
				C3FC4D6F20B9CA1900E1BE93 /* PixelScroll */,
			);
		};
/* End PBXProject section */

/* Begin PBXResourcesBuildPhase section */
		C3FC4D6E20B9CA1900E1BE93 /* Resources */ = {
			isa = PBXResourcesBuildPhase;
			buildActionMask = 2147483647;
			files = (
				0CA7CAD72B9F843E006F89F8 /* Icon.iconset in Resources */,
			);
			runOnlyForDeploymentPostprocessing = 0;
		};
/* End PBXResourcesBuildPhase section */

/* Begin PBXSourcesBuildPhase section */
		C3FC4D6C20B9CA1900E1BE93 /* Sources */ = {
			isa = PBXSourcesBuildPhase;
			buildActionMask = 2147483647;
			files = (
				0CBE28102B9F711B00381607 /* main.cpp in Sources */,
			);
			runOnlyForDeploymentPostprocessing = 0;
		};
/* End PBXSourcesBuildPhase section */

/* Begin XCBuildConfiguration section */
		C3FC4D8B20B9CA1A00E1BE93 /* Debug */ = {
			isa = XCBuildConfiguration;
			buildSettings = {
				ALLOW_TARGET_PLATFORM_SPECIALIZATION = YES;
				ALWAYS_SEARCH_USER_PATHS = NO;
				CODE_SIGN_IDENTITY = "MS-Design";
				INFOPLIST_FILE = PixelScroll/Info.plist;
				INFOPLIST_KEY_LSApplicationCategoryType = "public.app-category.utilities";
				MACOSX_DEPLOYMENT_TARGET = "$(RECOMMENDED_MACOSX_DEPLOYMENT_TARGET)";
				PRODUCT_NAME = PixelScroll;
			};
			name = Debug;
		};
		C3FC4D8C20B9CA1A00E1BE93 /* Release */ = {
			isa = XCBuildConfiguration;
			buildSettings = {
				ALLOW_TARGET_PLATFORM_SPECIALIZATION = YES;
				ALWAYS_SEARCH_USER_PATHS = NO;
				CODE_SIGN_IDENTITY = "MS-Design";
				INFOPLIST_FILE = PixelScroll/Info.plist;
				INFOPLIST_KEY_LSApplicationCategoryType = "public.app-category.utilities";
				MACOSX_DEPLOYMENT_TARGET = "$(RECOMMENDED_MACOSX_DEPLOYMENT_TARGET)";
				PRODUCT_NAME = PixelScroll;
			};
			name = Release;
		};
		C3FC4D8E20B9CA1A00E1BE93 /* Debug */ = {
			isa = XCBuildConfiguration;
			buildSettings = {
				ASSETCATALOG_COMPILER_APPICON_NAME = PixelScroll/Icon.iconset;
				ASSETCATALOG_COMPILER_INCLUDE_ALL_APPICON_ASSETS = NO;
				CURRENT_PROJECT_VERSION = 1;
				INFOPLIST_KEY_CFBundleDisplayName = PixelScroll;
				MARKETING_VERSION = 1.0;
				PRODUCT_BUNDLE_IDENTIFIER = msd.pixelscroll;
			};
			name = Debug;
		};
		C3FC4D8F20B9CA1A00E1BE93 /* Release */ = {
			isa = XCBuildConfiguration;
			buildSettings = {
				ASSETCATALOG_COMPILER_APPICON_NAME = PixelScroll/Icon.iconset;
				ASSETCATALOG_COMPILER_INCLUDE_ALL_APPICON_ASSETS = NO;
				CURRENT_PROJECT_VERSION = 1;
				INFOPLIST_KEY_CFBundleDisplayName = PixelScroll;
				MARKETING_VERSION = 1.0;
				PRODUCT_BUNDLE_IDENTIFIER = msd.pixelscroll;
			};
			name = Release;
		};
/* End XCBuildConfiguration section */

/* Begin XCConfigurationList section */
		C3FC4D6B20B9CA1900E1BE93 /* Build configuration list for PBXProject "PixelScroll" */ = {
			isa = XCConfigurationList;
			buildConfigurations = (
				C3FC4D8B20B9CA1A00E1BE93 /* Debug */,
				C3FC4D8C20B9CA1A00E1BE93 /* Release */,
			);
			defaultConfigurationIsVisible = 0;
			defaultConfigurationName = Release;
		};
		C3FC4D8D20B9CA1A00E1BE93 /* Build configuration list for PBXNativeTarget "PixelScroll" */ = {
			isa = XCConfigurationList;
			buildConfigurations = (
				C3FC4D8E20B9CA1A00E1BE93 /* Debug */,
				C3FC4D8F20B9CA1A00E1BE93 /* Release */,
			);
			defaultConfigurationIsVisible = 0;
			defaultConfigurationName = Release;
		};
/* End XCConfigurationList section */
	};
	rootObject = C3FC4D6820B9CA1900E1BE93 /* Project object */;
}
